
Microsoft Visual Studio Solution File, Format Version 12.00
# Visual Studio Version 17
VisualStudioVersion = 17.0.32112.339
MinimumVisualStudioVersion = 10.0.40219.1
Project("{2150E333-8FDC-42A3-9474-1A3956D46DE8}") = "Solution Items", "Solution Items", "{63BB0976-1EAD-443B-972B-D8F555BA7665}"
	ProjectSection(SolutionItems) = preProject
		.editorconfig = .editorconfig
	EndProjectSection
EndProject
Project("{9A19103F-16F7-4668-BE54-9A1E7A4F7556}") = "Devicemanager.API", "Devicemanager.API\Devicemanager.API.csproj", "{958F4AC2-2E6D-4969-A982-778C8023A600}"
EndProject
Project("{9A19103F-16F7-4668-BE54-9A1E7A4F7556}") = "Devicemanager.API.Tests", "Devicemanager.API.Tests\Devicemanager.API.Tests.csproj", "{67D99746-6566-4355-94FB-62711EA0367F}"
EndProject
Project("{9A19103F-16F7-4668-BE54-9A1E7A4F7556}") = "DeviceManager.IoTHubFunctions", "DeviceManager.IoTHubFunctions\DeviceManager.IoTHubFunctions.csproj", "{A47EB7C2-C8D1-42F9-B6E6-21C78720299E}"
EndProject
Global
	GlobalSection(SolutionConfigurationPlatforms) = preSolution
		Debug|Any CPU = Debug|Any CPU
		Release|Any CPU = Release|Any CPU
	EndGlobalSection
	GlobalSection(ProjectConfigurationPlatforms) = postSolution
		{958F4AC2-2E6D-4969-A982-778C8023A600}.Debug|Any CPU.ActiveCfg = Debug|Any CPU
		{958F4AC2-2E6D-4969-A982-778C8023A600}.Debug|Any CPU.Build.0 = Debug|Any CPU
		{958F4AC2-2E6D-4969-A982-778C8023A600}.Release|Any CPU.ActiveCfg = Release|Any CPU
		{958F4AC2-2E6D-4969-A982-778C8023A600}.Release|Any CPU.Build.0 = Release|Any CPU
		{67D99746-6566-4355-94FB-62711EA0367F}.Debug|Any CPU.ActiveCfg = Debug|Any CPU
		{67D99746-6566-4355-94FB-62711EA0367F}.Debug|Any CPU.Build.0 = Debug|Any CPU
		{67D99746-6566-4355-94FB-62711EA0367F}.Release|Any CPU.ActiveCfg = Release|Any CPU
		{67D99746-6566-4355-94FB-62711EA0367F}.Release|Any CPU.Build.0 = Release|Any CPU
		{A47EB7C2-C8D1-42F9-B6E6-21C78720299E}.Debug|Any CPU.ActiveCfg = Debug|Any CPU
		{A47EB7C2-C8D1-42F9-B6E6-21C78720299E}.Debug|Any CPU.Build.0 = Debug|Any CPU
		{A47EB7C2-C8D1-42F9-B6E6-21C78720299E}.Release|Any CPU.ActiveCfg = Release|Any CPU
		{A47EB7C2-C8D1-42F9-B6E6-21C78720299E}.Release|Any CPU.Build.0 = Release|Any CPU
	EndGlobalSection
	GlobalSection(SolutionProperties) = preSolution
		HideSolutionNode = FALSE
	EndGlobalSection
	GlobalSection(ExtensibilityGlobals) = postSolution
		SolutionGuid = {975D20B4-6199-4F02-94C2-6896F1225CC0}
	EndGlobalSection
EndGlobal
